// !$*UTF8*$!
{
	archiveVersion = 1;
	classes = {
	};
	objectVersion = 55;
	objects = {

/* Begin PBXBuildFile section */
		3BB58EFD27A863E20054D6B6 /* AppDelegate.swift in Sources */ = {isa = PBXBuildFile; fileRef = 3BB58EFC27A863E20054D6B6 /* AppDelegate.swift */; };
		3BB58EFF27A863E20054D6B6 /* SceneDelegate.swift in Sources */ = {isa = PBXBuildFile; fileRef = 3BB58EFE27A863E20054D6B6 /* SceneDelegate.swift */; };
		3BB58F0427A863E20054D6B6 /* Main.storyboard in Resources */ = {isa = PBXBuildFile; fileRef = 3BB58F0227A863E20054D6B6 /* Main.storyboard */; };
		3BB58F0927A863E60054D6B6 /* Assets.xcassets in Resources */ = {isa = PBXBuildFile; fileRef = 3BB58F0827A863E60054D6B6 /* Assets.xcassets */; };
		3BB58F0C27A863E60054D6B6 /* LaunchScreen.storyboard in Resources */ = {isa = PBXBuildFile; fileRef = 3BB58F0A27A863E60054D6B6 /* LaunchScreen.storyboard */; };
		3BB58F1B27A866B60054D6B6 /* Post.swift in Sources */ = {isa = PBXBuildFile; fileRef = 3BB58F1A27A866B60054D6B6 /* Post.swift */; };
		3BB58F1D27A86EBC0054D6B6 /* PostController.swift in Sources */ = {isa = PBXBuildFile; fileRef = 3BB58F1C27A86EBC0054D6B6 /* PostController.swift */; };
		3BB58F2027A871630054D6B6 /* PostError.swift in Sources */ = {isa = PBXBuildFile; fileRef = 3BB58F1F27A871630054D6B6 /* PostError.swift */; };
		3BB58F2227A88C750054D6B6 /* RedditTableViewController.swift in Sources */ = {isa = PBXBuildFile; fileRef = 3BB58F2127A88C750054D6B6 /* RedditTableViewController.swift */; };
		3BB58F2527A8917A0054D6B6 /* PostTableViewCell.swift in Sources */ = {isa = PBXBuildFile; fileRef = 3BB58F2427A8917A0054D6B6 /* PostTableViewCell.swift */; };
/* End PBXBuildFile section */

/* Begin PBXFileReference section */
		3BB58EF927A863E20054D6B6 /* RedditAPI.app */ = {isa = PBXFileReference; explicitFileType = wrapper.application; includeInIndex = 0; path = RedditAPI.app; sourceTree = BUILT_PRODUCTS_DIR; };
		3BB58EFC27A863E20054D6B6 /* AppDelegate.swift */ = {isa = PBXFileReference; lastKnownFileType = sourcecode.swift; path = AppDelegate.swift; sourceTree = "<group>"; };
		3BB58EFE27A863E20054D6B6 /* SceneDelegate.swift */ = {isa = PBXFileReference; lastKnownFileType = sourcecode.swift; path = SceneDelegate.swift; sourceTree = "<group>"; };
		3BB58F0327A863E20054D6B6 /* Base */ = {isa = PBXFileReference; lastKnownFileType = file.storyboard; name = Base; path = Base.lproj/Main.storyboard; sourceTree = "<group>"; };
		3BB58F0827A863E60054D6B6 /* Assets.xcassets */ = {isa = PBXFileReference; lastKnownFileType = folder.assetcatalog; path = Assets.xcassets; sourceTree = "<group>"; };
		3BB58F0B27A863E60054D6B6 /* Base */ = {isa = PBXFileReference; lastKnownFileType = file.storyboard; name = Base; path = Base.lproj/LaunchScreen.storyboard; sourceTree = "<group>"; };
		3BB58F0D27A863E60054D6B6 /* Info.plist */ = {isa = PBXFileReference; lastKnownFileType = text.plist.xml; path = Info.plist; sourceTree = "<group>"; };
		3BB58F1A27A866B60054D6B6 /* Post.swift */ = {isa = PBXFileReference; lastKnownFileType = sourcecode.swift; path = Post.swift; sourceTree = "<group>"; };
		3BB58F1C27A86EBC0054D6B6 /* PostController.swift */ = {isa = PBXFileReference; lastKnownFileType = sourcecode.swift; path = PostController.swift; sourceTree = "<group>"; };
		3BB58F1F27A871630054D6B6 /* PostError.swift */ = {isa = PBXFileReference; lastKnownFileType = sourcecode.swift; path = PostError.swift; sourceTree = "<group>"; };
		3BB58F2127A88C750054D6B6 /* RedditTableViewController.swift */ = {isa = PBXFileReference; lastKnownFileType = sourcecode.swift; path = RedditTableViewController.swift; sourceTree = "<group>"; };
		3BB58F2427A8917A0054D6B6 /* PostTableViewCell.swift */ = {isa = PBXFileReference; lastKnownFileType = sourcecode.swift; path = PostTableViewCell.swift; sourceTree = "<group>"; };
/* End PBXFileReference section */

/* Begin PBXFrameworksBuildPhase section */
		3BB58EF627A863E20054D6B6 /* Frameworks */ = {
			isa = PBXFrameworksBuildPhase;
			buildActionMask = 2147483647;
			files = (
			);
			runOnlyForDeploymentPostprocessing = 0;
		};
/* End PBXFrameworksBuildPhase section */

/* Begin PBXGroup section */
		3BB58EF027A863E10054D6B6 = {
			isa = PBXGroup;
			children = (
				3BB58EFB27A863E20054D6B6 /* RedditAPI */,
				3BB58EFA27A863E20054D6B6 /* Products */,
			);
			sourceTree = "<group>";
		};
		3BB58EFA27A863E20054D6B6 /* Products */ = {
			isa = PBXGroup;
			children = (
				3BB58EF927A863E20054D6B6 /* RedditAPI.app */,
			);
			name = Products;
			sourceTree = "<group>";
		};
		3BB58EFB27A863E20054D6B6 /* RedditAPI */ = {
			isa = PBXGroup;
			children = (
				3BB58F1827A864800054D6B6 /* Models */,
				3BB58F1927A864930054D6B6 /* Views */,
				3BB58F1527A864520054D6B6 /* Controllers */,
				3BB58F1E27A8711F0054D6B6 /* Helpers+Extensions */,
				3BB58F1327A8640F0054D6B6 /* Resources */,
			);
			path = RedditAPI;
			sourceTree = "<group>";
		};
		3BB58F1327A8640F0054D6B6 /* Resources */ = {
			isa = PBXGroup;
			children = (
				3BB58EFC27A863E20054D6B6 /* AppDelegate.swift */,
				3BB58EFE27A863E20054D6B6 /* SceneDelegate.swift */,
				3BB58F0827A863E60054D6B6 /* Assets.xcassets */,
				3BB58F0D27A863E60054D6B6 /* Info.plist */,
			);
			path = Resources;
			sourceTree = "<group>";
		};
		3BB58F1427A864230054D6B6 /* Storyboards */ = {
			isa = PBXGroup;
			children = (
				3BB58F0A27A863E60054D6B6 /* LaunchScreen.storyboard */,
				3BB58F0227A863E20054D6B6 /* Main.storyboard */,
			);
			path = Storyboards;
			sourceTree = "<group>";
		};
		3BB58F1527A864520054D6B6 /* Controllers */ = {
			isa = PBXGroup;
			children = (
				3BB58F1727A8646E0054D6B6 /* ModelControllers */,
				3BB58F1627A864610054D6B6 /* ViewControllers */,
			);
			path = Controllers;
			sourceTree = "<group>";
		};
		3BB58F1627A864610054D6B6 /* ViewControllers */ = {
			isa = PBXGroup;
			children = (
				3BB58F2127A88C750054D6B6 /* RedditTableViewController.swift */,
			);
			path = ViewControllers;
			sourceTree = "<group>";
		};
		3BB58F1727A8646E0054D6B6 /* ModelControllers */ = {
			isa = PBXGroup;
			children = (
				3BB58F1C27A86EBC0054D6B6 /* PostController.swift */,
			);
			path = ModelControllers;
			sourceTree = "<group>";
		};
		3BB58F1827A864800054D6B6 /* Models */ = {
			isa = PBXGroup;
			children = (
				3BB58F1A27A866B60054D6B6 /* Post.swift */,
			);
			path = Models;
			sourceTree = "<group>";
		};
		3BB58F1927A864930054D6B6 /* Views */ = {
			isa = PBXGroup;
			children = (
				3BB58F2327A891610054D6B6 /* CustomViews */,
				3BB58F1427A864230054D6B6 /* Storyboards */,
			);
			path = Views;
			sourceTree = "<group>";
		};
		3BB58F1E27A8711F0054D6B6 /* Helpers+Extensions */ = {
			isa = PBXGroup;
			children = (
				3BB58F1F27A871630054D6B6 /* PostError.swift */,
			);
			path = "Helpers+Extensions";
			sourceTree = "<group>";
		};
		3BB58F2327A891610054D6B6 /* CustomViews */ = {
			isa = PBXGroup;
			children = (
				3BB58F2427A8917A0054D6B6 /* PostTableViewCell.swift */,
			);
			path = CustomViews;
			sourceTree = "<group>";
		};
/* End PBXGroup section */

/* Begin PBXNativeTarget section */
		3BB58EF827A863E20054D6B6 /* RedditAPI */ = {
			isa = PBXNativeTarget;
			buildConfigurationList = 3BB58F1027A863E60054D6B6 /* Build configuration list for PBXNativeTarget "RedditAPI" */;
			buildPhases = (
				3BB58EF527A863E20054D6B6 /* Sources */,
				3BB58EF627A863E20054D6B6 /* Frameworks */,
				3BB58EF727A863E20054D6B6 /* Resources */,
			);
			buildRules = (
			);
			dependencies = (
			);
			name = RedditAPI;
			productName = RedditAPI;
			productReference = 3BB58EF927A863E20054D6B6 /* RedditAPI.app */;
			productType = "com.apple.product-type.application";
		};
/* End PBXNativeTarget section */

/* Begin PBXProject section */
		3BB58EF127A863E20054D6B6 /* Project object */ = {
			isa = PBXProject;
			attributes = {
				BuildIndependentTargetsInParallel = 1;
				LastSwiftUpdateCheck = 1320;
				LastUpgradeCheck = 1320;
				TargetAttributes = {
					3BB58EF827A863E20054D6B6 = {
						CreatedOnToolsVersion = 13.2.1;
					};
				};
			};
			buildConfigurationList = 3BB58EF427A863E20054D6B6 /* Build configuration list for PBXProject "RedditAPI" */;
			compatibilityVersion = "Xcode 13.0";
			developmentRegion = en;
			hasScannedForEncodings = 0;
			knownRegions = (
				en,
				Base,
			);
			mainGroup = 3BB58EF027A863E10054D6B6;
			productRefGroup = 3BB58EFA27A863E20054D6B6 /* Products */;
			projectDirPath = "";
			projectRoot = "";
			targets = (
				3BB58EF827A863E20054D6B6 /* RedditAPI */,
			);
		};
/* End PBXProject section */

/* Begin PBXResourcesBuildPhase section */
		3BB58EF727A863E20054D6B6 /* Resources */ = {
			isa = PBXResourcesBuildPhase;
			buildActionMask = 2147483647;
			files = (
				3BB58F0C27A863E60054D6B6 /* LaunchScreen.storyboard in Resources */,
				3BB58F0927A863E60054D6B6 /* Assets.xcassets in Resources */,
				3BB58F0427A863E20054D6B6 /* Main.storyboard in Resources */,
			);
			runOnlyForDeploymentPostprocessing = 0;
		};
/* End PBXResourcesBuildPhase section */

/* Begin PBXSourcesBuildPhase section */
		3BB58EF527A863E20054D6B6 /* Sources */ = {
			isa = PBXSourcesBuildPhase;
			buildActionMask = 2147483647;
			files = (
				3BB58F2527A8917A0054D6B6 /* PostTableViewCell.swift in Sources */,
				3BB58F2027A871630054D6B6 /* PostError.swift in Sources */,
				3BB58F1B27A866B60054D6B6 /* Post.swift in Sources */,
				3BB58F1D27A86EBC0054D6B6 /* PostController.swift in Sources */,
				3BB58EFD27A863E20054D6B6 /* AppDelegate.swift in Sources */,
				3BB58EFF27A863E20054D6B6 /* SceneDelegate.swift in Sources */,
				3BB58F2227A88C750054D6B6 /* RedditTableViewController.swift in Sources */,
			);
			runOnlyForDeploymentPostprocessing = 0;
		};
/* End PBXSourcesBuildPhase section */

/* Begin PBXVariantGroup section */
		3BB58F0227A863E20054D6B6 /* Main.storyboard */ = {
			isa = PBXVariantGroup;
			children = (
				3BB58F0327A863E20054D6B6 /* Base */,
			);
			name = Main.storyboard;
			sourceTree = "<group>";
		};
		3BB58F0A27A863E60054D6B6 /* LaunchScreen.storyboard */ = {
			isa = PBXVariantGroup;
			children = (
				3BB58F0B27A863E60054D6B6 /* Base */,
			);
			name = LaunchScreen.storyboard;
			sourceTree = "<group>";
		};
/* End PBXVariantGroup section */

/* Begin XCBuildConfiguration section */
		3BB58F0E27A863E60054D6B6 /* Debug */ = {
			isa = XCBuildConfiguration;
			buildSettings = {
				ALWAYS_SEARCH_USER_PATHS = NO;
				CLANG_ANALYZER_NONNULL = YES;
				CLANG_ANALYZER_NUMBER_OBJECT_CONVERSION = YES_AGGRESSIVE;
				CLANG_CXX_LANGUAGE_STANDARD = "gnu++17";
				CLANG_CXX_LIBRARY = "libc++";
				CLANG_ENABLE_MODULES = YES;
				CLANG_ENABLE_OBJC_ARC = YES;
				CLANG_ENABLE_OBJC_WEAK = YES;
				CLANG_WARN_BLOCK_CAPTURE_AUTORELEASING = YES;
				CLANG_WARN_BOOL_CONVERSION = YES;
				CLANG_WARN_COMMA = YES;
				CLANG_WARN_CONSTANT_CONVERSION = YES;
				CLANG_WARN_DEPRECATED_OBJC_IMPLEMENTATIONS = YES;
				CLANG_WARN_DIRECT_OBJC_ISA_USAGE = YES_ERROR;
				CLANG_WARN_DOCUMENTATION_COMMENTS = YES;
				CLANG_WARN_EMPTY_BODY = YES;
				CLANG_WARN_ENUM_CONVERSION = YES;
				CLANG_WARN_INFINITE_RECURSION = YES;
				CLANG_WARN_INT_CONVERSION = YES;
				CLANG_WARN_NON_LITERAL_NULL_CONVERSION = YES;
				CLANG_WARN_OBJC_IMPLICIT_RETAIN_SELF = YES;
				CLANG_WARN_OBJC_LITERAL_CONVERSION = YES;
				CLANG_WARN_OBJC_ROOT_CLASS = YES_ERROR;
				CLANG_WARN_QUOTED_INCLUDE_IN_FRAMEWORK_HEADER = YES;
				CLANG_WARN_RANGE_LOOP_ANALYSIS = YES;
				CLANG_WARN_STRICT_PROTOTYPES = YES;
				CLANG_WARN_SUSPICIOUS_MOVE = YES;
				CLANG_WARN_UNGUARDED_AVAILABILITY = YES_AGGRESSIVE;
				CLANG_WARN_UNREACHABLE_CODE = YES;
				CLANG_WARN__DUPLICATE_METHOD_MATCH = YES;
				COPY_PHASE_STRIP = NO;
				DEBUG_INFORMATION_FORMAT = dwarf;
				ENABLE_STRICT_OBJC_MSGSEND = YES;
				ENABLE_TESTABILITY = YES;
				GCC_C_LANGUAGE_STANDARD = gnu11;
				GCC_DYNAMIC_NO_PIC = NO;
				GCC_NO_COMMON_BLOCKS = YES;
				GCC_OPTIMIZATION_LEVEL = 0;
				GCC_PREPROCESSOR_DEFINITIONS = (
					"DEBUG=1",
					"$(inherited)",
				);
				GCC_WARN_64_TO_32_BIT_CONVERSION = YES;
				GCC_WARN_ABOUT_RETURN_TYPE = YES_ERROR;
				GCC_WARN_UNDECLARED_SELECTOR = YES;
				GCC_WARN_UNINITIALIZED_AUTOS = YES_AGGRESSIVE;
				GCC_WARN_UNUSED_FUNCTION = YES;
				GCC_WARN_UNUSED_VARIABLE = YES;
				IPHONEOS_DEPLOYMENT_TARGET = 15.2;
				MTL_ENABLE_DEBUG_INFO = INCLUDE_SOURCE;
				MTL_FAST_MATH = YES;
				ONLY_ACTIVE_ARCH = YES;
				SDKROOT = iphoneos;
				SWIFT_ACTIVE_COMPILATION_CONDITIONS = DEBUG;
				SWIFT_OPTIMIZATION_LEVEL = "-Onone";
			};
			name = Debug;
		};
		3BB58F0F27A863E60054D6B6 /* Release */ = {
			isa = XCBuildConfiguration;
			buildSettings = {
				ALWAYS_SEARCH_USER_PATHS = NO;
				CLANG_ANALYZER_NONNULL = YES;
				CLANG_ANALYZER_NUMBER_OBJECT_CONVERSION = YES_AGGRESSIVE;
				CLANG_CXX_LANGUAGE_STANDARD = "gnu++17";
				CLANG_CXX_LIBRARY = "libc++";
				CLANG_ENABLE_MODULES = YES;
				CLANG_ENABLE_OBJC_ARC = YES;
				CLANG_ENABLE_OBJC_WEAK = YES;
				CLANG_WARN_BLOCK_CAPTURE_AUTORELEASING = YES;
				CLANG_WARN_BOOL_CONVERSION = YES;
				CLANG_WARN_COMMA = YES;
				CLANG_WARN_CONSTANT_CONVERSION = YES;
				CLANG_WARN_DEPRECATED_OBJC_IMPLEMENTATIONS = YES;
				CLANG_WARN_DIRECT_OBJC_ISA_USAGE = YES_ERROR;
				CLANG_WARN_DOCUMENTATION_COMMENTS = YES;
				CLANG_WARN_EMPTY_BODY = YES;
				CLANG_WARN_ENUM_CONVERSION = YES;
				CLANG_WARN_INFINITE_RECURSION = YES;
				CLANG_WARN_INT_CONVERSION = YES;
				CLANG_WARN_NON_LITERAL_NULL_CONVERSION = YES;
				CLANG_WARN_OBJC_IMPLICIT_RETAIN_SELF = YES;
				CLANG_WARN_OBJC_LITERAL_CONVERSION = YES;
				CLANG_WARN_OBJC_ROOT_CLASS = YES_ERROR;
				CLANG_WARN_QUOTED_INCLUDE_IN_FRAMEWORK_HEADER = YES;
				CLANG_WARN_RANGE_LOOP_ANALYSIS = YES;
				CLANG_WARN_STRICT_PROTOTYPES = YES;
				CLANG_WARN_SUSPICIOUS_MOVE = YES;
				CLANG_WARN_UNGUARDED_AVAILABILITY = YES_AGGRESSIVE;
				CLANG_WARN_UNREACHABLE_CODE = YES;
				CLANG_WARN__DUPLICATE_METHOD_MATCH = YES;
				COPY_PHASE_STRIP = NO;
				DEBUG_INFORMATION_FORMAT = "dwarf-with-dsym";
				ENABLE_NS_ASSERTIONS = NO;
				ENABLE_STRICT_OBJC_MSGSEND = YES;
				GCC_C_LANGUAGE_STANDARD = gnu11;
				GCC_NO_COMMON_BLOCKS = YES;
				GCC_WARN_64_TO_32_BIT_CONVERSION = YES;
				GCC_WARN_ABOUT_RETURN_TYPE = YES_ERROR;
				GCC_WARN_UNDECLARED_SELECTOR = YES;
				GCC_WARN_UNINITIALIZED_AUTOS = YES_AGGRESSIVE;
				GCC_WARN_UNUSED_FUNCTION = YES;
				GCC_WARN_UNUSED_VARIABLE = YES;
				IPHONEOS_DEPLOYMENT_TARGET = 15.2;
				MTL_ENABLE_DEBUG_INFO = NO;
				MTL_FAST_MATH = YES;
				SDKROOT = iphoneos;
				SWIFT_COMPILATION_MODE = wholemodule;
				SWIFT_OPTIMIZATION_LEVEL = "-O";
				VALIDATE_PRODUCT = YES;
			};
			name = Release;
		};
		3BB58F1127A863E60054D6B6 /* Debug */ = {
			isa = XCBuildConfiguration;
			buildSettings = {
				ASSETCATALOG_COMPILER_APPICON_NAME = AppIcon;
				ASSETCATALOG_COMPILER_GLOBAL_ACCENT_COLOR_NAME = AccentColor;
				CODE_SIGN_STYLE = Automatic;
				CURRENT_PROJECT_VERSION = 1;
				DEVELOPMENT_TEAM = G3VP62JDQQ;
				GENERATE_INFOPLIST_FILE = YES;
				INFOPLIST_FILE = RedditAPI/Resources/Info.plist;
				INFOPLIST_KEY_UIApplicationSupportsIndirectInputEvents = YES;
				INFOPLIST_KEY_UILaunchStoryboardName = LaunchScreen;
				INFOPLIST_KEY_UIMainStoryboardFile = Main;
				INFOPLIST_KEY_UISupportedInterfaceOrientations_iPad = "UIInterfaceOrientationPortrait UIInterfaceOrientationPortraitUpsideDown UIInterfaceOrientationLandscapeLeft UIInterfaceOrientationLandscapeRight";
				INFOPLIST_KEY_UISupportedInterfaceOrientations_iPhone = "UIInterfaceOrientationPortrait UIInterfaceOrientationLandscapeLeft UIInterfaceOrientationLandscapeRight";
				LD_RUNPATH_SEARCH_PATHS = (
					"$(inherited)",
					"@executable_path/Frameworks",
				);
				MARKETING_VERSION = 1.0;
				PRODUCT_BUNDLE_IDENTIFIER = "com.mitya-kim.RedditAPI";
				PRODUCT_NAME = "$(TARGET_NAME)";
				SWIFT_EMIT_LOC_STRINGS = YES;
				SWIFT_VERSION = 5.0;
				TARGETED_DEVICE_FAMILY = "1,2";
			};
			name = Debug;
		};
		3BB58F1227A863E60054D6B6 /* Release */ = {
			isa = XCBuildConfiguration;
			buildSettings = {
				ASSETCATALOG_COMPILER_APPICON_NAME = AppIcon;
				ASSETCATALOG_COMPILER_GLOBAL_ACCENT_COLOR_NAME = AccentColor;
				CODE_SIGN_STYLE = Automatic;
				CURRENT_PROJECT_VERSION = 1;
				DEVELOPMENT_TEAM = G3VP62JDQQ;
				GENERATE_INFOPLIST_FILE = YES;
				INFOPLIST_FILE = RedditAPI/Resources/Info.plist;
				INFOPLIST_KEY_UIApplicationSupportsIndirectInputEvents = YES;
				INFOPLIST_KEY_UILaunchStoryboardName = LaunchScreen;
				INFOPLIST_KEY_UIMainStoryboardFile = Main;
				INFOPLIST_KEY_UISupportedInterfaceOrientations_iPad = "UIInterfaceOrientationPortrait UIInterfaceOrientationPortraitUpsideDown UIInterfaceOrientationLandscapeLeft UIInterfaceOrientationLandscapeRight";
				INFOPLIST_KEY_UISupportedInterfaceOrientations_iPhone = "UIInterfaceOrientationPortrait UIInterfaceOrientationLandscapeLeft UIInterfaceOrientationLandscapeRight";
				LD_RUNPATH_SEARCH_PATHS = (
					"$(inherited)",
					"@executable_path/Frameworks",
				);
				MARKETING_VERSION = 1.0;
				PRODUCT_BUNDLE_IDENTIFIER = "com.mitya-kim.RedditAPI";
				PRODUCT_NAME = "$(TARGET_NAME)";
				SWIFT_EMIT_LOC_STRINGS = YES;
				SWIFT_VERSION = 5.0;
				TARGETED_DEVICE_FAMILY = "1,2";
			};
			name = Release;
		};
/* End XCBuildConfiguration section */

/* Begin XCConfigurationList section */
		3BB58EF427A863E20054D6B6 /* Build configuration list for PBXProject "RedditAPI" */ = {
			isa = XCConfigurationList;
			buildConfigurations = (
				3BB58F0E27A863E60054D6B6 /* Debug */,
				3BB58F0F27A863E60054D6B6 /* Release */,
			);
			defaultConfigurationIsVisible = 0;
			defaultConfigurationName = Release;
		};
		3BB58F1027A863E60054D6B6 /* Build configuration list for PBXNativeTarget "RedditAPI" */ = {
			isa = XCConfigurationList;
			buildConfigurations = (
				3BB58F1127A863E60054D6B6 /* Debug */,
				3BB58F1227A863E60054D6B6 /* Release */,
			);
			defaultConfigurationIsVisible = 0;
			defaultConfigurationName = Release;
		};
/* End XCConfigurationList section */
	};
	rootObject = 3BB58EF127A863E20054D6B6 /* Project object */;
}
